# THIS IS AN AUTOGENERATED FILE. DO NOT EDIT THIS FILE DIRECTLY.
# yarn lockfile v1


"9router@0.5.50":
  version "0.5.50"
  resolved "https://registry.yarnpkg.com/9router/-/9router-0.5.50.tgz#cc4e7e111ebb083fee52b4ecdf63e7ba65936ab4"
  integrity sha512-dcC+6wwNQz60nTcJ6M8Ty/EuUVAQap3raDx7MOtC1ru3NPDyYZs21nGfKDYSpifN54CNL9QllhznHajRO+kw3g==
  dependencies:
    enquirer "^2.4.1"
    node-forge "^1.3.3"
    node-machine-id "^1.1.12"
    react "19.2.1"
    react-dom "19.2.1"

"@anthropic-ai/claude-code-darwin-arm64@2.1.233":
  version "2.1.233"
  resolved "https://registry.yarnpkg.com/@anthropic-ai/claude-code-darwin-arm64/-/claude-code-darwin-arm64-2.1.233.tgz#100e9998e0eaed566d3d2f50cc713f2721ce1c83"
  integrity sha512-mB2FyJQ0a+FTWbBTSQ3ZTAmm6Qxr5fSU2jA8JpHQ7XslcoKzmDV+/zN8CdGkshwY3kRLx432kDiHcBoTQuc/Dg==

"@anthropic-ai/claude-code-darwin-x64@2.1.233":
  version "2.1.233"
  resolved "https://registry.yarnpkg.com/@anthropic-ai/claude-code-darwin-x64/-/claude-code-darwin-x64-2.1.233.tgz#43e08841710de9be808d87d8a9b86f742b953989"
  integrity sha512-uS5jiOm+JNcoPGHHQ0Z5V/8eWYWjPdUHY5LOKPEVaFNR+bDkQcPcsnBZk9oHOiex15TnDsFsTpIWTNLRs2Bv1Q==

"@anthropic-ai/claude-code-linux-arm64-musl@2.1.233":
  version "2.1.233"
  resolved "https://registry.yarnpkg.com/@anthropic-ai/claude-code-linux-arm64-musl/-/claude-code-linux-arm64-musl-2.1.233.tgz#2b3b7fc302f9aadc5df840376e111561732fe272"
  integrity sha512-XmMTZ3U4hhAUMvOQ794tmkz0/Mga39ecBB7vf+CdSm4HirdzOaGAvW18l7tWhcPRXH3M7Tx1bDefhyRdlSEc5g==

"@anthropic-ai/claude-code-linux-arm64@2.1.233":
  version "2.1.233"
  resolved "https://registry.yarnpkg.com/@anthropic-ai/claude-code-linux-arm64/-/claude-code-linux-arm64-2.1.233.tgz#ba0a658bd27474380c4b47f18539d15e90065d7f"
  integrity sha512-G7Te22sph7qywNyfIcQq7Li7bbQp8zBHZV4mDBBP5ZXswkGDJSip8MSNU2OlHsoVgcLtTzNlm0U25wys/r0jag==

"@anthropic-ai/claude-code-linux-x64-musl@2.1.233":
  version "2.1.233"
  resolved "https://registry.yarnpkg.com/@anthropic-ai/claude-code-linux-x64-musl/-/claude-code-linux-x64-musl-2.1.233.tgz#af91d2977cd387921095a211e116c6e14f4f856f"
  integrity sha512-KlgySdzFyoGmBLr6ReSBHclRwAzEuRLBmmYSHq2j9BLlXTy1kt0mhJoEffYkw1Hs5dasSK9sGEVgNt6wJ/PMmA==

"@anthropic-ai/claude-code-linux-x64@2.1.233":
  version "2.1.233"
  resolved "https://registry.yarnpkg.com/@anthropic-ai/claude-code-linux-x64/-/claude-code-linux-x64-2.1.233.tgz#cd1889cc5a9018dd532f135c4a4d6d47b14356d3"
  integrity sha512-ubMVvBBlsks5NE0EmucELB2h/XZ64L86JgmMBUWShLgDAkrrzCh1zIf5qX1+SPskXAnMfKBFTMNeaT6UruxRkQ==

"@anthropic-ai/claude-code-win32-arm64@2.1.233":
  version "2.1.233"
  resolved "https://registry.yarnpkg.com/@anthropic-ai/claude-code-win32-arm64/-/claude-code-win32-arm64-2.1.233.tgz#721a8efe41b09fdb67b89734b48209c08737c164"
  integrity sha512-bB6YrEv+PtQG9aPhPyAwhJZpPlBqFrqshcHPj+0S1gOkj6CwjtbnTDOMhywsd593XsiI5lWaWi4ZUo0FDZjzaA==

"@anthropic-ai/claude-code-win32-x64@2.1.233":
  version "2.1.233"
  resolved "https://registry.yarnpkg.com/@anthropic-ai/claude-code-win32-x64/-/claude-code-win32-x64-2.1.233.tgz#ef94f7a8441a209543dc1f228ca9a94c3164c19a"
  integrity sha512-8tg7+eDee3JfjBdNgxhVYrYr9eweqprRxten1OW+hrSTvKV5YjZb0CheFqtaqilDLILLt8LRQ0n/YeweQeycyA==

"@anthropic-ai/claude-code@^2.1.233":
  version "2.1.233"
  resolved "https://registry.yarnpkg.com/@anthropic-ai/claude-code/-/claude-code-2.1.233.tgz#ec4a882255c9b0f0018cc54688ae2d8ec6a88e26"
  integrity sha512-WS0ZSsNu2zkQonC+rW7HdByMCkPQ2l+hO1G0LdvWTj40kiYr0qAiSJjCBNRIbi0foBol4IFTCKwLHAN83qxxUQ==
  optionalDependencies:
    "@anthropic-ai/claude-code-darwin-arm64" "2.1.233"
    "@anthropic-ai/claude-code-darwin-x64" "2.1.233"
    "@anthropic-ai/claude-code-linux-arm64" "2.1.233"
    "@anthropic-ai/claude-code-linux-arm64-musl" "2.1.233"
    "@anthropic-ai/claude-code-linux-x64" "2.1.233"
    "@anthropic-ai/claude-code-linux-x64-musl" "2.1.233"
    "@anthropic-ai/claude-code-win32-arm64" "2.1.233"
    "@anthropic-ai/claude-code-win32-x64" "2.1.233"

"@playwright/test@^1.62.1":
  version "1.62.1"
  resolved "https://registry.yarnpkg.com/@playwright/test/-/test-1.62.1.tgz#68e1aaf6e480e1923936dee6c66fae1921d3a65a"
  integrity sha512-DTcUc8qii+cpHvtOwggMtBRMjKZHXYWdw8syRYu2vtzuq4Wxphqq4NfCs5Zt44L6mA8rfDfj+PHnxFc/FeK6mQ==
  dependencies:
    playwright "1.62.1"

"@types/node@^26.2.0":
  version "26.2.0"
  resolved "https://registry.yarnpkg.com/@types/node/-/node-26.2.0.tgz#5a4875a862fda8fdc57de8faa579bb81ecba1685"
  integrity sha512-5IviulTZeRNp2vAJ514cc/HUlY5nZ9fCbq9DMyC52BrhFZACo3nI0R7qBxhQmo/d27NFe96ur/b7Wwxklda+kg==
  dependencies:
    undici-types "~8.3.0"

ansi-colors@^4.1.1:
  version "4.1.3"
  resolved "https://registry.yarnpkg.com/ansi-colors/-/ansi-colors-4.1.3.tgz#37611340eb2243e70cc604cad35d63270d48781b"
  integrity sha512-/6w/C21Pm1A7aZitlI5Ni/2J6FFQN8i1Cvz3kHABAAbw93v/NlvKdVOqz7CCWz/3iv/JplRSEEZ83XION15ovw==

ansi-regex@^5.0.1:
  version "5.0.1"
  resolved "https://registry.yarnpkg.com/ansi-regex/-/ansi-regex-5.0.1.tgz#082cb2c89c9fe8659a311a53bd6a4dc5301db304"
  integrity sha512-quJQXlTSUGL2LH9SUXo8VwsY4soanhgo6LNSm84E1LBcE8s3O0wpdiRzyR9z/ZZJMlMWv37qOOb9pdJlMUEKFQ==

enquirer@^2.4.1:
  version "2.4.1"
  resolved "https://registry.yarnpkg.com/enquirer/-/enquirer-2.4.1.tgz#93334b3fbd74fc7097b224ab4a8fb7e40bf4ae56"
  integrity sha512-rRqJg/6gd538VHvR3PSrdRBb/1Vy2YfzHqzvbhGIQpDRKIa4FgV/54b5Q1xYSxOOwKvjXweS26E0Q+nAMwp2pQ==
  dependencies:
    ansi-colors "^4.1.1"
    strip-ansi "^6.0.1"

fsevents@2.3.2:
  version "2.3.2"
  resolved "https://registry.yarnpkg.com/fsevents/-/fsevents-2.3.2.tgz#8a526f78b8fdf4623b709e0b975c52c24c02fd1a"
  integrity sha512-xiqMQR4xAeHTuB9uWm+fFRcIOgKBMiOBP+eXiyT7jsgVCq1bkVygt00oASowB7EdtpOHaaPgKt812P9ab+DDKA==

node-forge@^1.3.3:
  version "1.4.0"
  resolved "https://registry.yarnpkg.com/node-forge/-/node-forge-1.4.0.tgz#1c7b7d8bdc2d078739f58287d589d903a11b2fc2"
  integrity sha512-LarFH0+6VfriEhqMMcLX2F7SwSXeWwnEAJEsYm5QKWchiVYVvJyV9v7UDvUv+w5HO23ZpQTXDv/GxdDdMyOuoQ==

node-machine-id@^1.1.12:
  version "1.1.12"
  resolved "https://registry.yarnpkg.com/node-machine-id/-/node-machine-id-1.1.12.tgz#37904eee1e59b320bb9c5d6c0a59f3b469cb6267"
  integrity sha512-QNABxbrPa3qEIfrE6GOJ7BYIuignnJw7iQ2YPbc3Nla1HzRJjXzZOiikfF8m7eAMfichLt3M4VgLOetqgDmgGQ==

playwright-core@1.62.1:
  version "1.62.1"
  resolved "https://registry.yarnpkg.com/playwright-core/-/playwright-core-1.62.1.tgz#120f67a19181bfd183c60fa903c0d99330b56785"
  integrity sha512-wPYSwEBJY9GHraISXqyqtx0na0LpO3XEX7jNDhntbex7tzUS7kLnZsOlFruFJB4Hi/rhDMjXGqHewDZ68nYZVw==

playwright@1.62.1:
  version "1.62.1"
  resolved "https://registry.yarnpkg.com/playwright/-/playwright-1.62.1.tgz#8447b6755e8aec85a3cb7207c823e3ed2fc66700"
  integrity sha512-0M+L3LAD8/nm554LOla9Ayx0j0tmFZ0FBcoQ7F1VuVHpM/XpiC8RcDzBQB8W5+hA8L22THxELzeF+2WcUzvcLg==
  dependencies:
    playwright-core "1.62.1"
  optionalDependencies:
    fsevents "2.3.2"

react-dom@19.2.1:
  version "19.2.1"
  resolved "https://registry.yarnpkg.com/react-dom/-/react-dom-19.2.1.tgz#ce3527560bda4f997e47d10dab754825b3061f59"
  integrity sha512-ibrK8llX2a4eOskq1mXKu/TGZj9qzomO+sNfO98M6d9zIPOEhlBkMkBUBLd1vgS0gQsLDBzA+8jJBVXDnfHmJg==
  dependencies:
    scheduler "^0.27.0"

react@19.2.1:
  version "19.2.1"
  resolved "https://registry.yarnpkg.com/react/-/react-19.2.1.tgz#8600fa205e58e2e807f6ef431c9f6492591a2700"
  integrity sha512-DGrYcCWK7tvYMnWh79yrPHt+vdx9tY+1gPZa7nJQtO/p8bLTDaHp4dzwEhQB7pZ4Xe3ok4XKuEPrVuc+wlpkmw==

scheduler@^0.27.0:
  version "0.27.0"
  resolved "https://registry.yarnpkg.com/scheduler/-/scheduler-0.27.0.tgz#0c4ef82d67d1e5c1e359e8fc76d3a87f045fe5bd"
  integrity sha512-eNv+WrVbKu1f3vbYJT/xtiF5syA5HPIMtf9IgY/nKg0sWqzAUEvqY/xm7OcZc/qafLx/iO9FgOmeSAp4v5ti/Q==

strip-ansi@^6.0.1:
  version "6.0.1"
  resolved "https://registry.yarnpkg.com/strip-ansi/-/strip-ansi-6.0.1.tgz#9e26c63d30f53443e9489495b2105d37b67a85d9"
  integrity sha512-Y38VPSHcqkFrCpFnQ9vuSXmquuv5oXOKpGeT6aGrr3o3Gc9AlVa6JBfUSOCnbxGGZF+/0ooI7KrPuUSztUdU5A==
  dependencies:
    ansi-regex "^5.0.1"

undici-types@~8.3.0:
  version "8.3.0"
  resolved "https://registry.yarnpkg.com/undici-types/-/undici-types-8.3.0.tgz#44e9fc9f3244648cdea35e4f9bb2d681e9410809"
  integrity sha512-j375ScV60dom+YkPFIfTLcOiPxkN/buHz5GobjLhixFuANaNs3C9l4GmrWqejgXWJ7BbJcFYpTEUkS1Ge8bpZQ==
